
Microsoft Visual Studio Solution File, Format Version 12.00
# Visual Studio Version 17
VisualStudioVersion = 17.14.36429.23 d17.14
MinimumVisualStudioVersion = 10.0.40219.1
Project("{FAE04EC0-301F-11D3-BF4B-00C04F79EFBC}") = "webapi_emergencias", "webapi_emergencias\webapi_emergencias.csproj", "{BCE3C2D1-50C9-4AC9-842E-23A904F45A72}"
EndProject
Global
	GlobalSection(SolutionConfigurationPlatforms) = preSolution
		Debug|Any CPU = Debug|Any CPU
		Release|Any CPU = Release|Any CPU
	EndGlobalSection
	GlobalSection(ProjectConfigurationPlatforms) = postSolution
		{BCE3C2D1-50C9-4AC9-842E-23A904F45A72}.Debug|Any CPU.ActiveCfg = Debug|Any CPU
		{BCE3C2D1-50C9-4AC9-842E-23A904F45A72}.Debug|Any CPU.Build.0 = Debug|Any CPU
		{BCE3C2D1-50C9-4AC9-842E-23A904F45A72}.Release|Any CPU.ActiveCfg = Release|Any CPU
		{BCE3C2D1-50C9-4AC9-842E-23A904F45A72}.Release|Any CPU.Build.0 = Release|Any CPU
	EndGlobalSection
	GlobalSection(SolutionProperties) = preSolution
		HideSolutionNode = FALSE
	EndGlobalSection
	GlobalSection(ExtensibilityGlobals) = postSolution
		SolutionGuid = {01D1B860-69EC-44E6-81BA-47DFC00D15D2}
	EndGlobalSection
EndGlobal
